
Microsoft Visual Studio Solution File, Format Version 12.00
# Visual Studio 15
VisualStudioVersion = 15.0.27703.2018
MinimumVisualStudioVersion = 10.0.40219.1
Project("{FAE04EC0-301F-11D3-BF4B-00C04F79EFBC}") = "ContactBook.DatabaseLogicLayer", "ContactBook.DatabaseLogicLayer\ContactBook.DatabaseLogicLayer.csproj", "{C407CDE1-C9ED-4BE2-9BDE-938B0D806EEA}"
EndProject
Project("{FAE04EC0-301F-11D3-BF4B-00C04F79EFBC}") = "ContactBook.BusinessLogicLayer", "ContactBook.BusinessLogicLayer\ContactBook.BusinessLogicLayer.csproj", "{2FE25D6F-CCB2-4DB1-9474-F0D1CDBDAFAE}"
EndProject
Project("{FAE04EC0-301F-11D3-BF4B-00C04F79EFBC}") = "ContactBook.Entities", "ContactBook.Entities\ContactBook.Entities.csproj", "{2B6F8121-0C20-4FEB-B9DE-7BE5C8133133}"
EndProject
Project("{FAE04EC0-301F-11D3-BF4B-00C04F79EFBC}") = "ContactBook.App", "ContactBook.App\ContactBook.App.csproj", "{DED60BD9-AD62-49BC-8A1F-6480ABCD96E9}"
EndProject
Project("{54435603-DBB4-11D2-8724-00A0C9A8B90C}") = "Setup1", "Setup1\Setup1.vdproj", "{2136BAE0-1104-480B-8299-95B70FFBB64C}"
EndProject
Global
	GlobalSection(SolutionConfigurationPlatforms) = preSolution
		Debug|Any CPU = Debug|Any CPU
		Release|Any CPU = Release|Any CPU
	EndGlobalSection
	GlobalSection(ProjectConfigurationPlatforms) = postSolution
		{C407CDE1-C9ED-4BE2-9BDE-938B0D806EEA}.Debug|Any CPU.ActiveCfg = Debug|Any CPU
		{C407CDE1-C9ED-4BE2-9BDE-938B0D806EEA}.Debug|Any CPU.Build.0 = Debug|Any CPU
		{C407CDE1-C9ED-4BE2-9BDE-938B0D806EEA}.Release|Any CPU.ActiveCfg = Release|Any CPU
		{C407CDE1-C9ED-4BE2-9BDE-938B0D806EEA}.Release|Any CPU.Build.0 = Release|Any CPU
		{2FE25D6F-CCB2-4DB1-9474-F0D1CDBDAFAE}.Debug|Any CPU.ActiveCfg = Debug|Any CPU
		{2FE25D6F-CCB2-4DB1-9474-F0D1CDBDAFAE}.Debug|Any CPU.Build.0 = Debug|Any CPU
		{2FE25D6F-CCB2-4DB1-9474-F0D1CDBDAFAE}.Release|Any CPU.ActiveCfg = Release|Any CPU
		{2FE25D6F-CCB2-4DB1-9474-F0D1CDBDAFAE}.Release|Any CPU.Build.0 = Release|Any CPU
		{2B6F8121-0C20-4FEB-B9DE-7BE5C8133133}.Debug|Any CPU.ActiveCfg = Debug|Any CPU
		{2B6F8121-0C20-4FEB-B9DE-7BE5C8133133}.Debug|Any CPU.Build.0 = Debug|Any CPU
		{2B6F8121-0C20-4FEB-B9DE-7BE5C8133133}.Release|Any CPU.ActiveCfg = Release|Any CPU
		{2B6F8121-0C20-4FEB-B9DE-7BE5C8133133}.Release|Any CPU.Build.0 = Release|Any CPU
		{DED60BD9-AD62-49BC-8A1F-6480ABCD96E9}.Debug|Any CPU.ActiveCfg = Debug|Any CPU
		{DED60BD9-AD62-49BC-8A1F-6480ABCD96E9}.Debug|Any CPU.Build.0 = Debug|Any CPU
		{DED60BD9-AD62-49BC-8A1F-6480ABCD96E9}.Release|Any CPU.ActiveCfg = Release|Any CPU
		{DED60BD9-AD62-49BC-8A1F-6480ABCD96E9}.Release|Any CPU.Build.0 = Release|Any CPU
		{2136BAE0-1104-480B-8299-95B70FFBB64C}.Debug|Any CPU.ActiveCfg = Debug
		{2136BAE0-1104-480B-8299-95B70FFBB64C}.Release|Any CPU.ActiveCfg = Release
	EndGlobalSection
	GlobalSection(SolutionProperties) = preSolution
		HideSolutionNode = FALSE
	EndGlobalSection
	GlobalSection(ExtensibilityGlobals) = postSolution
		SolutionGuid = {E312C124-7546-4A31-8C32-60C71BCB121A}
	EndGlobalSection
EndGlobal
